
Microsoft Visual Studio Solution File, Format Version 12.00
# Visual Studio Version 17
VisualStudioVersion = 17.3.32929.385
MinimumVisualStudioVersion = 10.0.40219.1
Project("{FAE04EC0-301F-11D3-BF4B-00C04F79EFBC}") = "Declaracao_de_Var", "Declaracao_de_Var\Declaracao_de_Var.csproj", "{59D41B5D-F738-45D8-8BF2-945C90CD0E36}"
EndProject
Global
	GlobalSection(SolutionConfigurationPlatforms) = preSolution
		Debug|Any CPU = Debug|Any CPU
		Release|Any CPU = Release|Any CPU
	EndGlobalSection
	GlobalSection(ProjectConfigurationPlatforms) = postSolution
		{59D41B5D-F738-45D8-8BF2-945C90CD0E36}.Debug|Any CPU.ActiveCfg = Debug|Any CPU
		{59D41B5D-F738-45D8-8BF2-945C90CD0E36}.Debug|Any CPU.Build.0 = Debug|Any CPU
		{59D41B5D-F738-45D8-8BF2-945C90CD0E36}.Release|Any CPU.ActiveCfg = Release|Any CPU
		{59D41B5D-F738-45D8-8BF2-945C90CD0E36}.Release|Any CPU.Build.0 = Release|Any CPU
	EndGlobalSection
	GlobalSection(SolutionProperties) = preSolution
		HideSolutionNode = FALSE
	EndGlobalSection
	GlobalSection(ExtensibilityGlobals) = postSolution
		SolutionGuid = {B7B7FB48-B5F1-47FE-97C2-3EA2772EA64F}
	EndGlobalSection
EndGlobal
