
Microsoft Visual Studio Solution File, Format Version 12.00
# Visual Studio Version 17
VisualStudioVersion = 17.3.32929.385
MinimumVisualStudioVersion = 10.0.40219.1
Project("{FAE04EC0-301F-11D3-BF4B-00C04F79EFBC}") = "Matriz", "Matriz\Matriz.csproj", "{A9E4B1FE-809C-4F58-9227-6C6162BBB193}"
EndProject
Global
	GlobalSection(SolutionConfigurationPlatforms) = preSolution
		Debug|Any CPU = Debug|Any CPU
		Release|Any CPU = Release|Any CPU
	EndGlobalSection
	GlobalSection(ProjectConfigurationPlatforms) = postSolution
		{A9E4B1FE-809C-4F58-9227-6C6162BBB193}.Debug|Any CPU.ActiveCfg = Debug|Any CPU
		{A9E4B1FE-809C-4F58-9227-6C6162BBB193}.Debug|Any CPU.Build.0 = Debug|Any CPU
		{A9E4B1FE-809C-4F58-9227-6C6162BBB193}.Release|Any CPU.ActiveCfg = Release|Any CPU
		{A9E4B1FE-809C-4F58-9227-6C6162BBB193}.Release|Any CPU.Build.0 = Release|Any CPU
	EndGlobalSection
	GlobalSection(SolutionProperties) = preSolution
		HideSolutionNode = FALSE
	EndGlobalSection
	GlobalSection(ExtensibilityGlobals) = postSolution
		SolutionGuid = {AB338F20-6C0F-4A5B-8288-A89C4A36251E}
	EndGlobalSection
EndGlobal
